
Microsoft Visual Studio Solution File, Format Version 12.00
# Visual Studio Version 17
VisualStudioVersion = 17.3.32804.467
MinimumVisualStudioVersion = 10.0.40219.1
Project("{FAE04EC0-301F-11D3-BF4B-00C04F79EFBC}") = "SeparateFarms", "SeparateFarms.csproj", "{377602CA-C8D0-48EF-AF8C-DB6CC67E7E4C}"
EndProject
Global
	GlobalSection(SolutionConfigurationPlatforms) = preSolution
		Debug|Any CPU = Debug|Any CPU
		Release|Any CPU = Release|Any CPU
	EndGlobalSection
	GlobalSection(ProjectConfigurationPlatforms) = postSolution
		{377602CA-C8D0-48EF-AF8C-DB6CC67E7E4C}.Debug|Any CPU.ActiveCfg = Debug|Any CPU
		{377602CA-C8D0-48EF-AF8C-DB6CC67E7E4C}.Debug|Any CPU.Build.0 = Debug|Any CPU
		{377602CA-C8D0-48EF-AF8C-DB6CC67E7E4C}.Release|Any CPU.ActiveCfg = Release|Any CPU
		{377602CA-C8D0-48EF-AF8C-DB6CC67E7E4C}.Release|Any CPU.Build.0 = Release|Any CPU
	EndGlobalSection
	GlobalSection(SolutionProperties) = preSolution
		HideSolutionNode = FALSE
	EndGlobalSection
	GlobalSection(ExtensibilityGlobals) = postSolution
		SolutionGuid = {6FEB3A86-7D78-4C03-8954-87F246B9F9F2}
	EndGlobalSection
EndGlobal
