
Microsoft Visual Studio Solution File, Format Version 12.00
# Visual Studio Version 17
VisualStudioVersion = 17.10.35004.147
MinimumVisualStudioVersion = 10.0.40219.1
Project("{FAE04EC0-301F-11D3-BF4B-00C04F79EFBC}") = "TypableBooks", "TypableBooks.csproj", "{269CFB63-4101-459E-BA1D-300CC655ADEF}"
EndProject
Global
	GlobalSection(SolutionConfigurationPlatforms) = preSolution
		Debug|Any CPU = Debug|Any CPU
		Release|Any CPU = Release|Any CPU
	EndGlobalSection
	GlobalSection(ProjectConfigurationPlatforms) = postSolution
		{269CFB63-4101-459E-BA1D-300CC655ADEF}.Debug|Any CPU.ActiveCfg = Debug|Any CPU
		{269CFB63-4101-459E-BA1D-300CC655ADEF}.Debug|Any CPU.Build.0 = Debug|Any CPU
		{269CFB63-4101-459E-BA1D-300CC655ADEF}.Release|Any CPU.ActiveCfg = Release|Any CPU
		{269CFB63-4101-459E-BA1D-300CC655ADEF}.Release|Any CPU.Build.0 = Release|Any CPU
	EndGlobalSection
	GlobalSection(SolutionProperties) = preSolution
		HideSolutionNode = FALSE
	EndGlobalSection
	GlobalSection(ExtensibilityGlobals) = postSolution
		SolutionGuid = {037EA707-45D6-4099-8D2C-1A6EC2F8D9A2}
	EndGlobalSection
EndGlobal
