
Microsoft Visual Studio Solution File, Format Version 12.00
# Visual Studio Version 17
VisualStudioVersion = 17.3.32804.467
MinimumVisualStudioVersion = 10.0.40219.1
Project("{FAE04EC0-301F-11D3-BF4B-00C04F79EFBC}") = "Nested Buildings", "Nested Buildings.csproj", "{465B6210-D09E-4CA2-BAA1-9638A87182CE}"
EndProject
Global
	GlobalSection(SolutionConfigurationPlatforms) = preSolution
		Debug|Any CPU = Debug|Any CPU
		Release|Any CPU = Release|Any CPU
	EndGlobalSection
	GlobalSection(ProjectConfigurationPlatforms) = postSolution
		{465B6210-D09E-4CA2-BAA1-9638A87182CE}.Debug|Any CPU.ActiveCfg = Debug|Any CPU
		{465B6210-D09E-4CA2-BAA1-9638A87182CE}.Debug|Any CPU.Build.0 = Debug|Any CPU
		{465B6210-D09E-4CA2-BAA1-9638A87182CE}.Release|Any CPU.ActiveCfg = Release|Any CPU
		{465B6210-D09E-4CA2-BAA1-9638A87182CE}.Release|Any CPU.Build.0 = Release|Any CPU
	EndGlobalSection
	GlobalSection(SolutionProperties) = preSolution
		HideSolutionNode = FALSE
	EndGlobalSection
	GlobalSection(ExtensibilityGlobals) = postSolution
		SolutionGuid = {2E4B81F4-6500-430A-AE3C-3F654C0061D8}
	EndGlobalSection
EndGlobal
